<Solution>
  <Folder Name="/src/" />
  <Folder Name="/src/BuildingBlocks/" />
  <Folder Name="/src/Services/" />
  <Folder Name="/src/Services/IdentityService/">
    <Project Path="IdentityService/IdentityService.csproj" />
  </Folder>
  <Folder Name="/src/Services/OrderService/">
    <Project Path="OrderService/OrderService.csproj" />
  </Folder>
  <Folder Name="/src/Services/ProductService/">
    <Project Path="ProductService/ProductService.csproj" />
  </Folder>
</Solution>
